{
  "name": "@bobbykim/tabs-alpha",
  "version": "0.2.1",
  "lockfileVersion": 2,
  "requires": true,
  "packages": {
    "": {
      "name": "@bobbykim/tabs-alpha",
      "version": "0.2.1",
      "license": "MIT",
      "dependencies": {
        "@bobbykim/manguito-theme": "^0.3.0"
      }
    },
    "../manguito-theme": {
      "name": "@bobbykim/manguito-theme",
      "version": "0.1.3",
      "license": "MIT"
    },
    "node_modules/@bobbykim/manguito-theme": {
      "resolved": "../manguito-theme",
      "link": true
    }
  },
  "dependencies": {
    "@bobbykim/manguito-theme": {
      "version": "file:../manguito-theme"
    }
  }
}
